<?xml version="1.0" encoding="UTF-8"?>
<Scheme LastUpgradeVersion="1600" version="1.3">
  <BuildAction parallelizeBuildables="YES" buildImplicitDependencies="YES">
    <BuildActionEntries>
      <BuildActionEntry buildForTesting="YES" buildForRunning="YES" buildForProfiling="YES" buildForArchiving="YES" buildForAnalyzing="YES"><BuildableReference BuildableIdentifier="primary" BlueprintIdentifier="C1E9827DB735CA9BAA54A540" BuildableName="PersonalGuitarCoach.app" BlueprintName="PersonalGuitarCoach" ReferencedContainer="container:PersonalGuitarCoach.xcodeproj"/></BuildActionEntry>
    </BuildActionEntries>
  </BuildAction>
  <TestAction buildConfiguration="Debug" selectedDebuggerIdentifier="Xcode.DebuggerFoundation.Debugger.LLDB" selectedLauncherIdentifier="Xcode.IDEFoundation.Launcher.LLDB" shouldUseLaunchSchemeArgsEnv="YES">
    <Testables><TestableReference skipped="NO"><BuildableReference BuildableIdentifier="primary" BlueprintIdentifier="4EA0BBFB4641B4E941FBF077" BuildableName="PersonalGuitarCoachUITests.xctest" BlueprintName="PersonalGuitarCoachUITests" ReferencedContainer="container:PersonalGuitarCoach.xcodeproj"/></TestableReference></Testables>
  </TestAction>
  <LaunchAction buildConfiguration="Debug" selectedDebuggerIdentifier="Xcode.DebuggerFoundation.Debugger.LLDB" selectedLauncherIdentifier="Xcode.IDEFoundation.Launcher.LLDB" launchStyle="0" useCustomWorkingDirectory="NO" ignoresPersistentStateOnLaunch="NO" debugDocumentVersioning="YES" debugServiceExtension="internal" allowLocationSimulation="YES">
    <BuildableProductRunnable runnableDebuggingMode="0"><BuildableReference BuildableIdentifier="primary" BlueprintIdentifier="C1E9827DB735CA9BAA54A540" BuildableName="PersonalGuitarCoach.app" BlueprintName="PersonalGuitarCoach" ReferencedContainer="container:PersonalGuitarCoach.xcodeproj"/></BuildableProductRunnable>
  </LaunchAction>
  <ProfileAction buildConfiguration="Release" shouldUseLaunchSchemeArgsEnv="YES" savedToolIdentifier="" useCustomWorkingDirectory="NO" debugDocumentVersioning="YES"><BuildableProductRunnable runnableDebuggingMode="0"><BuildableReference BuildableIdentifier="primary" BlueprintIdentifier="C1E9827DB735CA9BAA54A540" BuildableName="PersonalGuitarCoach.app" BlueprintName="PersonalGuitarCoach" ReferencedContainer="container:PersonalGuitarCoach.xcodeproj"/></BuildableProductRunnable></ProfileAction>
  <AnalyzeAction buildConfiguration="Debug"/>
  <ArchiveAction buildConfiguration="Release" revealArchiveInOrganizer="YES"/>
</Scheme>
