// !$*UTF8*$!
{
	"archiveVersion" = "1";
	"classes" = {

	};
	"objectVersion" = "56";
	"objects" = {
		"114F4CA765DE9E10ADC330CB" = {
			"isa" = "PBXFileReference";
			"lastKnownFileType" = "text.json.xcstrings";
			"path" = "Resources/Localization/InfoPlist.xcstrings";
			"sourceTree" = "SOURCE_ROOT";
		};
		"D255F967F3ADCB2D24165D5A" = {
			"isa" = "PBXBuildFile";
			"fileRef" = "114F4CA765DE9E10ADC330CB";
		};
		"9CF268CF79415E1082DE0BBC" = {
			"isa" = "PBXFileReference";
			"lastKnownFileType" = "text.json.xcstrings";
			"path" = "Resources/Localization/Localizable.xcstrings";
			"sourceTree" = "SOURCE_ROOT";
		};
		"4D9DF2A4C70B6488900AF1CD" = {
			"isa" = "PBXBuildFile";
			"fileRef" = "9CF268CF79415E1082DE0BBC";
		};
		"9C22087BA7A30D6815C37301" = {
			"isa" = "PBXFileReference";
			"lastKnownFileType" = "folder";
			"path" = "Resources/Lessons";
			"sourceTree" = "SOURCE_ROOT";
		};
		"2029515E6DA163D6E46B1770" = {
			"isa" = "PBXBuildFile";
			"fileRef" = "9C22087BA7A30D6815C37301";
		};
		"BC4A71180870F7945155FBB0" = {
			"isa" = "XCLocalSwiftPackageReference";
			"relativePath" = "Packages/GuitarCoachCore";
		};
		"983B64092D5DB09323A7C4BB" = {
			"isa" = "XCSwiftPackageProductDependency";
			"package" = "BC4A71180870F7945155FBB0";
			"productName" = "Domain";
		};
		"726953DEBBC538A2A2D25F8B" = {
			"isa" = "XCSwiftPackageProductDependency";
			"package" = "BC4A71180870F7945155FBB0";
			"productName" = "Audio";
		};
		"C66525A928444A761FB47390" = {
			"isa" = "XCSwiftPackageProductDependency";
			"package" = "BC4A71180870F7945155FBB0";
			"productName" = "Persistence";
		};
		"25C5C1080B52FA2CDDBD130C" = {
			"isa" = "XCSwiftPackageProductDependency";
			"package" = "BC4A71180870F7945155FBB0";
			"productName" = "Learning";
		};
		"F412331F6B7D6424E59C1E20" = {
			"isa" = "PBXBuildFile";
			"productRef" = "983B64092D5DB09323A7C4BB";
		};
		"CFC07535C29D258BF937E2EF" = {
			"isa" = "PBXBuildFile";
			"productRef" = "726953DEBBC538A2A2D25F8B";
		};
		"0293FB5EA79309AD5F0F0852" = {
			"isa" = "PBXBuildFile";
			"productRef" = "C66525A928444A761FB47390";
		};
		"0D60C1B6E062DF491A9BA275" = {
			"isa" = "PBXBuildFile";
			"productRef" = "25C5C1080B52FA2CDDBD130C";
		};
		"681C948D238C526E9E3424E0" = {
			"isa" = "PBXFileReference";
			"explicitFileType" = "wrapper.application";
			"path" = "PersonalGuitarCoach.app";
			"sourceTree" = "BUILT_PRODUCTS_DIR";
		};
		"93E46A602338E07A8524AEF6" = {
			"isa" = "PBXFileReference";
			"explicitFileType" = "wrapper.cfbundle";
			"path" = "PersonalGuitarCoachUITests.xctest";
			"sourceTree" = "BUILT_PRODUCTS_DIR";
		};
		"195B145EBB6F0D5A78075DEC" = {
			"isa" = "PBXFileReference";
			"lastKnownFileType" = "sourcecode.swift";
			"path" = "App/AppRootView.swift";
			"sourceTree" = "SOURCE_ROOT";
		};
		"6B8865A04B60FBB05518326A" = {
			"isa" = "PBXBuildFile";
			"fileRef" = "195B145EBB6F0D5A78075DEC";
		};
		"FEE846C5DD56559A03748D9F" = {
			"isa" = "PBXFileReference";
			"lastKnownFileType" = "sourcecode.swift";
			"path" = "App/AppSettings.swift";
			"sourceTree" = "SOURCE_ROOT";
		};
		"3B7093740E2BC2BFB736AFB3" = {
			"isa" = "PBXBuildFile";
			"fileRef" = "FEE846C5DD56559A03748D9F";
		};
		"E77303F82C9A160465B22133" = {
			"isa" = "PBXFileReference";
			"lastKnownFileType" = "sourcecode.swift";
			"path" = "App/AudioProbeView.swift";
			"sourceTree" = "SOURCE_ROOT";
		};
		"54E0B1E08D2EB3CD4418F67E" = {
			"isa" = "PBXBuildFile";
			"fileRef" = "E77303F82C9A160465B22133";
		};
		"A1CE14BCFA8AD1C43B301FB6" = {
			"isa" = "PBXFileReference";
			"lastKnownFileType" = "sourcecode.swift";
			"path" = "App/AudioSessionStore.swift";
			"sourceTree" = "SOURCE_ROOT";
		};
		"F9FF12E71FCD5609D0EB46A4" = {
			"isa" = "PBXBuildFile";
			"fileRef" = "A1CE14BCFA8AD1C43B301FB6";
		};
		"E078120F2B7394D06932861D" = {
			"isa" = "PBXFileReference";
			"lastKnownFileType" = "sourcecode.swift";
			"path" = "App/CoachSettingsView.swift";
			"sourceTree" = "SOURCE_ROOT";
		};
		"5B4188F165009C0CC907B4CF" = {
			"isa" = "PBXBuildFile";
			"fileRef" = "E078120F2B7394D06932861D";
		};
		"B73A0DB9D07D64DBA677C913" = {
			"isa" = "PBXFileReference";
			"lastKnownFileType" = "sourcecode.swift";
			"path" = "App/FretboardModel.swift";
			"sourceTree" = "SOURCE_ROOT";
		};
		"5D19F39747A4D46863FBE271" = {
			"isa" = "PBXBuildFile";
			"fileRef" = "B73A0DB9D07D64DBA677C913";
		};
		"A2D9FD887E6E2819B6304C3F" = {
			"isa" = "PBXFileReference";
			"lastKnownFileType" = "sourcecode.swift";
			"path" = "App/FretboardView.swift";
			"sourceTree" = "SOURCE_ROOT";
		};
		"CFDB23671959E94079A2C942" = {
			"isa" = "PBXBuildFile";
			"fileRef" = "A2D9FD887E6E2819B6304C3F";
		};
		"69711866459EECC22FEEE6E3" = {
			"isa" = "PBXFileReference";
			"lastKnownFileType" = "sourcecode.swift";
			"path" = "App/HistoryView.swift";
			"sourceTree" = "SOURCE_ROOT";
		};
		"89EB6FA8263213583FE57584" = {
			"isa" = "PBXBuildFile";
			"fileRef" = "69711866459EECC22FEEE6E3";
		};
		"D2555DBEB5EEB86C62234D32" = {
			"isa" = "PBXFileReference";
			"lastKnownFileType" = "sourcecode.swift";
			"path" = "App/LessonLibraryStore.swift";
			"sourceTree" = "SOURCE_ROOT";
		};
		"5D0AF25554B99B8C4AAB2F2D" = {
			"isa" = "PBXBuildFile";
			"fileRef" = "D2555DBEB5EEB86C62234D32";
		};
		"A88BC1EAF29BB0C022C9F191" = {
			"isa" = "PBXFileReference";
			"lastKnownFileType" = "sourcecode.swift";
			"path" = "App/LessonLibraryView.swift";
			"sourceTree" = "SOURCE_ROOT";
		};
		"1143C755DE5ADF5338C35B02" = {
			"isa" = "PBXBuildFile";
			"fileRef" = "A88BC1EAF29BB0C022C9F191";
		};
		"742916170D488BFDDD41326B" = {
			"isa" = "PBXFileReference";
			"lastKnownFileType" = "sourcecode.swift";
			"path" = "App/LessonSelection.swift";
			"sourceTree" = "SOURCE_ROOT";
		};
		"D786FFF5F8CE5B9678818746" = {
			"isa" = "PBXBuildFile";
			"fileRef" = "742916170D488BFDDD41326B";
		};
		"D4EAAA921EEB0F404F93E759" = {
			"isa" = "PBXFileReference";
			"lastKnownFileType" = "sourcecode.swift";
			"path" = "App/LessonTextView.swift";
			"sourceTree" = "SOURCE_ROOT";
		};
		"252144FFAF10C01B33DC9461" = {
			"isa" = "PBXBuildFile";
			"fileRef" = "D4EAAA921EEB0F404F93E759";
		};
		"8EEEFA1B66ABE65D53FA3300" = {
			"isa" = "PBXFileReference";
			"lastKnownFileType" = "sourcecode.swift";
			"path" = "App/LocalDataStore.swift";
			"sourceTree" = "SOURCE_ROOT";
		};
		"FC7FB675A1C4B002F3EDDD24" = {
			"isa" = "PBXBuildFile";
			"fileRef" = "8EEEFA1B66ABE65D53FA3300";
		};
		"14C0F074DA644B0ED79D7F01" = {
			"isa" = "PBXFileReference";
			"lastKnownFileType" = "sourcecode.swift";
			"path" = "App/PersonalGuitarCoachApp.swift";
			"sourceTree" = "SOURCE_ROOT";
		};
		"744808F9B85A4DCEEA053BB7" = {
			"isa" = "PBXBuildFile";
			"fileRef" = "14C0F074DA644B0ED79D7F01";
		};
		"6ABD7FE9A68559C0608BEC29" = {
			"isa" = "PBXFileReference";
			"lastKnownFileType" = "sourcecode.swift";
			"path" = "App/PracticeEntryView.swift";
			"sourceTree" = "SOURCE_ROOT";
		};
		"68E95364DCFBBD6C693612EA" = {
			"isa" = "PBXBuildFile";
			"fileRef" = "6ABD7FE9A68559C0608BEC29";
		};
		"896D5AFAC75112AA86B25FB6" = {
			"isa" = "PBXFileReference";
			"lastKnownFileType" = "sourcecode.swift";
			"path" = "App/PreviewControls.swift";
			"sourceTree" = "SOURCE_ROOT";
		};
		"520315C351650DDAC994C39F" = {
			"isa" = "PBXBuildFile";
			"fileRef" = "896D5AFAC75112AA86B25FB6";
		};
		"A829F6DDBA4AFC2ABC48DF38" = {
			"isa" = "PBXFileReference";
			"lastKnownFileType" = "sourcecode.swift";
			"path" = "App/PreviewModel.swift";
			"sourceTree" = "SOURCE_ROOT";
		};
		"AA3CAE5DC074F9C25BB343AA" = {
			"isa" = "PBXBuildFile";
			"fileRef" = "A829F6DDBA4AFC2ABC48DF38";
		};
		"8948FEA6D9CDA78F40329818" = {
			"isa" = "PBXFileReference";
			"lastKnownFileType" = "sourcecode.swift";
			"path" = "App/ReadingProgressStore.swift";
			"sourceTree" = "SOURCE_ROOT";
		};
		"2B2188630D8912D9941C0596" = {
			"isa" = "PBXBuildFile";
			"fileRef" = "8948FEA6D9CDA78F40329818";
		};
		"B136FB5866C31A6C9FDB6434" = {
			"isa" = "PBXFileReference";
			"lastKnownFileType" = "sourcecode.swift";
			"path" = "App/TablatureView.swift";
			"sourceTree" = "SOURCE_ROOT";
		};
		"2B35259C4C677F427C4C139A" = {
			"isa" = "PBXBuildFile";
			"fileRef" = "B136FB5866C31A6C9FDB6434";
		};
		"BD6DA87CAAA65772E74D082C" = {
			"isa" = "PBXFileReference";
			"lastKnownFileType" = "sourcecode.swift";
			"path" = "App/TimelineModel.swift";
			"sourceTree" = "SOURCE_ROOT";
		};
		"4B3C6B9D441741F750480D4D" = {
			"isa" = "PBXBuildFile";
			"fileRef" = "BD6DA87CAAA65772E74D082C";
		};
		"AC2E840A059C8A03D1A123C8" = {
			"isa" = "PBXFileReference";
			"lastKnownFileType" = "sourcecode.swift";
			"path" = "App/TunerFixtureView.swift";
			"sourceTree" = "SOURCE_ROOT";
		};
		"087B6C8938FE13E4B073A7B9" = {
			"isa" = "PBXBuildFile";
			"fileRef" = "AC2E840A059C8A03D1A123C8";
		};
		"EACAB02E3426E75F611DCDA9" = {
			"isa" = "PBXFileReference";
			"lastKnownFileType" = "sourcecode.swift";
			"path" = "App/TunerModel.swift";
			"sourceTree" = "SOURCE_ROOT";
		};
		"8F25109B3F4C007E38D66156" = {
			"isa" = "PBXBuildFile";
			"fileRef" = "EACAB02E3426E75F611DCDA9";
		};
		"057A4919EEC9D692E16F6800" = {
			"isa" = "PBXFileReference";
			"lastKnownFileType" = "sourcecode.swift";
			"path" = "App/TunerView.swift";
			"sourceTree" = "SOURCE_ROOT";
		};
		"FFAA888D85403475E64D07BD" = {
			"isa" = "PBXBuildFile";
			"fileRef" = "057A4919EEC9D692E16F6800";
		};
		"07B429D132557F3C2AEA171F" = {
			"isa" = "PBXFileReference";
			"lastKnownFileType" = "sourcecode.swift";
			"path" = "App/TuningEditorModel.swift";
			"sourceTree" = "SOURCE_ROOT";
		};
		"A3000FCEA991A51C1E5FBFAD" = {
			"isa" = "PBXBuildFile";
			"fileRef" = "07B429D132557F3C2AEA171F";
		};
		"D3CD7EFF54452408B315C9B3" = {
			"isa" = "PBXFileReference";
			"lastKnownFileType" = "sourcecode.swift";
			"path" = "App/TuningSettingsView.swift";
			"sourceTree" = "SOURCE_ROOT";
		};
		"B4061F359A599C95F7EDF3E7" = {
			"isa" = "PBXBuildFile";
			"fileRef" = "D3CD7EFF54452408B315C9B3";
		};
		"F7AE6A7A3DBF140A41E9161B" = {
			"isa" = "PBXFileReference";
			"lastKnownFileType" = "sourcecode.swift";
			"path" = "App/VisualFixtureView.swift";
			"sourceTree" = "SOURCE_ROOT";
		};
		"9307AAC47C8C61F199727633" = {
			"isa" = "PBXBuildFile";
			"fileRef" = "F7AE6A7A3DBF140A41E9161B";
		};
		"AFF87A50730392B6633ACECE" = {
			"isa" = "PBXSourcesBuildPhase";
			"buildActionMask" = "2147483647";
			"files" = ("6B8865A04B60FBB05518326A", "3B7093740E2BC2BFB736AFB3", "54E0B1E08D2EB3CD4418F67E", "F9FF12E71FCD5609D0EB46A4", "5B4188F165009C0CC907B4CF", "5D19F39747A4D46863FBE271", "CFDB23671959E94079A2C942", "89EB6FA8263213583FE57584", "5D0AF25554B99B8C4AAB2F2D", "1143C755DE5ADF5338C35B02", "D786FFF5F8CE5B9678818746", "252144FFAF10C01B33DC9461", "FC7FB675A1C4B002F3EDDD24", "744808F9B85A4DCEEA053BB7", "68E95364DCFBBD6C693612EA", "520315C351650DDAC994C39F", "AA3CAE5DC074F9C25BB343AA", "2B2188630D8912D9941C0596", "2B35259C4C677F427C4C139A", "4B3C6B9D441741F750480D4D", "087B6C8938FE13E4B073A7B9", "8F25109B3F4C007E38D66156", "FFAA888D85403475E64D07BD", "A3000FCEA991A51C1E5FBFAD", "B4061F359A599C95F7EDF3E7", "9307AAC47C8C61F199727633");
			"runOnlyForDeploymentPostprocessing" = "0";
		};
		"7A4C2DC8FCA657188648E999" = {
			"isa" = "PBXFrameworksBuildPhase";
			"buildActionMask" = "2147483647";
			"files" = ("F412331F6B7D6424E59C1E20", "CFC07535C29D258BF937E2EF", "0293FB5EA79309AD5F0F0852", "0D60C1B6E062DF491A9BA275");
			"runOnlyForDeploymentPostprocessing" = "0";
		};
		"F9187E824FE171A6F0EFAE28" = {
			"isa" = "PBXResourcesBuildPhase";
			"buildActionMask" = "2147483647";
			"files" = ("D255F967F3ADCB2D24165D5A", "4D9DF2A4C70B6488900AF1CD", "2029515E6DA163D6E46B1770");
			"runOnlyForDeploymentPostprocessing" = "0";
		};
		"E250E07043113FAB44DB7036" = {
			"isa" = "PBXFileReference";
			"lastKnownFileType" = "sourcecode.swift";
			"path" = "Tests/UITests/LaunchTests.swift";
			"sourceTree" = "SOURCE_ROOT";
		};
		"68DDB13067DF7100C22A5FBD" = {
			"isa" = "PBXBuildFile";
			"fileRef" = "E250E07043113FAB44DB7036";
		};
		"4347B86FBDCB777F671AEDB7" = {
			"isa" = "PBXFileReference";
			"lastKnownFileType" = "sourcecode.swift";
			"path" = "Tests/UITests/PlaybackTests.swift";
			"sourceTree" = "SOURCE_ROOT";
		};
		"52E7454CDC13DBAEE9EC4CF4" = {
			"isa" = "PBXBuildFile";
			"fileRef" = "4347B86FBDCB777F671AEDB7";
		};
		"41BC979DDF066DF4047A94FA" = {
			"isa" = "PBXFileReference";
			"lastKnownFileType" = "sourcecode.swift";
			"path" = "Tests/UITests/TunerTests.swift";
			"sourceTree" = "SOURCE_ROOT";
		};
		"00524693A2ACD6BBE63775AA" = {
			"isa" = "PBXBuildFile";
			"fileRef" = "41BC979DDF066DF4047A94FA";
		};
		"760DD443C1DF2461277A1FDF" = {
			"isa" = "PBXSourcesBuildPhase";
			"buildActionMask" = "2147483647";
			"files" = ("68DDB13067DF7100C22A5FBD", "52E7454CDC13DBAEE9EC4CF4", "00524693A2ACD6BBE63775AA");
			"runOnlyForDeploymentPostprocessing" = "0";
		};
		"5571A8135AC78D6956901922" = {
			"isa" = "PBXFrameworksBuildPhase";
			"buildActionMask" = "2147483647";
			"files" = ();
			"runOnlyForDeploymentPostprocessing" = "0";
		};
		"6E9F5BADA175FDA0A5AC8038" = {
			"isa" = "PBXResourcesBuildPhase";
			"buildActionMask" = "2147483647";
			"files" = ();
			"runOnlyForDeploymentPostprocessing" = "0";
		};
		"73EBF6644258C120893E685D" = {
			"isa" = "XCBuildConfiguration";
			"name" = "Debug";
			"buildSettings" = {
				"MACOSX_DEPLOYMENT_TARGET" = "14.0";
				"SDKROOT" = "macosx";
				"SWIFT_VERSION" = "6.0";
				"CLANG_ENABLE_MODULES" = "YES";
				"CLANG_ENABLE_OBJC_ARC" = "YES";
				"SWIFT_STRICT_CONCURRENCY" = "complete";
				"CODE_SIGN_STYLE" = "Manual";
				"CODE_SIGN_IDENTITY" = "-";
				"ENABLE_USER_SCRIPT_SANDBOXING" = "YES";
				"SWIFT_OPTIMIZATION_LEVEL" = "-Onone";
				"DEBUG_INFORMATION_FORMAT" = "dwarf";
				"SWIFT_ACTIVE_COMPILATION_CONDITIONS" = "DEBUG";
				"ENABLE_TESTABILITY" = "YES";
				"ONLY_ACTIVE_ARCH" = "YES";
			};
		};
		"0B0C687DF8B6B8DC790B519C" = {
			"isa" = "XCBuildConfiguration";
			"name" = "Release";
			"buildSettings" = {
				"MACOSX_DEPLOYMENT_TARGET" = "14.0";
				"SDKROOT" = "macosx";
				"SWIFT_VERSION" = "6.0";
				"CLANG_ENABLE_MODULES" = "YES";
				"CLANG_ENABLE_OBJC_ARC" = "YES";
				"SWIFT_STRICT_CONCURRENCY" = "complete";
				"CODE_SIGN_STYLE" = "Manual";
				"CODE_SIGN_IDENTITY" = "-";
				"ENABLE_USER_SCRIPT_SANDBOXING" = "YES";
				"SWIFT_OPTIMIZATION_LEVEL" = "-O";
				"DEBUG_INFORMATION_FORMAT" = "dwarf-with-dsym";
			};
		};
		"76F8DEC3DFE0BDB465198890" = {
			"isa" = "XCConfigurationList";
			"buildConfigurations" = ("73EBF6644258C120893E685D", "0B0C687DF8B6B8DC790B519C");
			"defaultConfigurationIsVisible" = "0";
			"defaultConfigurationName" = "Release";
		};
		"B00CCDD09424E369308D67FA" = {
			"isa" = "XCBuildConfiguration";
			"name" = "Debug";
			"buildSettings" = {
				"PRODUCT_NAME" = "$(TARGET_NAME)";
				"PRODUCT_BUNDLE_IDENTIFIER" = "com.valtronforever.PersonalGuitarCoach";
				"GENERATE_INFOPLIST_FILE" = "YES";
				"INFOPLIST_KEY_CFBundleDisplayName" = "Personal Guitar Coach";
				"INFOPLIST_KEY_LSApplicationCategoryType" = "public.app-category.education";
				"INFOPLIST_KEY_NSMicrophoneUsageDescription" = "Listen to your guitar for tuning and practice feedback.";
				"CODE_SIGN_ENTITLEMENTS" = "App/PersonalGuitarCoach.entitlements";
				"ENABLE_HARDENED_RUNTIME" = "YES";
				"CURRENT_PROJECT_VERSION" = "1";
				"MARKETING_VERSION" = "0.1.0";
				"SWIFT_EMIT_LOC_STRINGS" = "YES";
				"LD_RUNPATH_SEARCH_PATHS" = ("$(inherited)", "@executable_path/../Frameworks");
				"SWIFT_OPTIMIZATION_LEVEL" = "-Onone";
				"DEBUG_INFORMATION_FORMAT" = "dwarf";
				"SWIFT_ACTIVE_COMPILATION_CONDITIONS" = "DEBUG";
				"ENABLE_TESTABILITY" = "YES";
				"ONLY_ACTIVE_ARCH" = "YES";
			};
		};
		"1B104479E55E37CF8A63CBDF" = {
			"isa" = "XCBuildConfiguration";
			"name" = "Release";
			"buildSettings" = {
				"PRODUCT_NAME" = "$(TARGET_NAME)";
				"PRODUCT_BUNDLE_IDENTIFIER" = "com.valtronforever.PersonalGuitarCoach";
				"GENERATE_INFOPLIST_FILE" = "YES";
				"INFOPLIST_KEY_CFBundleDisplayName" = "Personal Guitar Coach";
				"INFOPLIST_KEY_LSApplicationCategoryType" = "public.app-category.education";
				"INFOPLIST_KEY_NSMicrophoneUsageDescription" = "Listen to your guitar for tuning and practice feedback.";
				"CODE_SIGN_ENTITLEMENTS" = "App/PersonalGuitarCoach.entitlements";
				"ENABLE_HARDENED_RUNTIME" = "YES";
				"CURRENT_PROJECT_VERSION" = "1";
				"MARKETING_VERSION" = "0.1.0";
				"SWIFT_EMIT_LOC_STRINGS" = "YES";
				"LD_RUNPATH_SEARCH_PATHS" = ("$(inherited)", "@executable_path/../Frameworks");
				"SWIFT_OPTIMIZATION_LEVEL" = "-O";
				"DEBUG_INFORMATION_FORMAT" = "dwarf-with-dsym";
			};
		};
		"06CB67C35A91E16DBD17B949" = {
			"isa" = "XCConfigurationList";
			"buildConfigurations" = ("B00CCDD09424E369308D67FA", "1B104479E55E37CF8A63CBDF");
			"defaultConfigurationIsVisible" = "0";
			"defaultConfigurationName" = "Release";
		};
		"156F725150A84FCB69393542" = {
			"isa" = "XCBuildConfiguration";
			"name" = "Debug";
			"buildSettings" = {
				"PRODUCT_NAME" = "$(TARGET_NAME)";
				"PRODUCT_BUNDLE_IDENTIFIER" = "com.valtronforever.PersonalGuitarCoachUITests";
				"GENERATE_INFOPLIST_FILE" = "YES";
				"TEST_TARGET_NAME" = "PersonalGuitarCoach";
				"SWIFT_OPTIMIZATION_LEVEL" = "-Onone";
				"DEBUG_INFORMATION_FORMAT" = "dwarf";
				"SWIFT_ACTIVE_COMPILATION_CONDITIONS" = "DEBUG";
				"ENABLE_TESTABILITY" = "YES";
				"ONLY_ACTIVE_ARCH" = "YES";
			};
		};
		"C23B5A69B2E27C3E5F160FC6" = {
			"isa" = "XCBuildConfiguration";
			"name" = "Release";
			"buildSettings" = {
				"PRODUCT_NAME" = "$(TARGET_NAME)";
				"PRODUCT_BUNDLE_IDENTIFIER" = "com.valtronforever.PersonalGuitarCoachUITests";
				"GENERATE_INFOPLIST_FILE" = "YES";
				"TEST_TARGET_NAME" = "PersonalGuitarCoach";
				"SWIFT_OPTIMIZATION_LEVEL" = "-O";
				"DEBUG_INFORMATION_FORMAT" = "dwarf-with-dsym";
			};
		};
		"F39F41D0F9A1459B523C2622" = {
			"isa" = "XCConfigurationList";
			"buildConfigurations" = ("156F725150A84FCB69393542", "C23B5A69B2E27C3E5F160FC6");
			"defaultConfigurationIsVisible" = "0";
			"defaultConfigurationName" = "Release";
		};
		"F6301EAD2AC55A883FB1AF3A" = {
			"isa" = "PBXContainerItemProxy";
			"containerPortal" = "244210E48437B6556980A702";
			"proxyType" = "1";
			"remoteGlobalIDString" = "C1E9827DB735CA9BAA54A540";
			"remoteInfo" = "PersonalGuitarCoach";
		};
		"8DA290C1E75835394B937A40" = {
			"isa" = "PBXTargetDependency";
			"target" = "C1E9827DB735CA9BAA54A540";
			"targetProxy" = "F6301EAD2AC55A883FB1AF3A";
		};
		"C1E9827DB735CA9BAA54A540" = {
			"isa" = "PBXNativeTarget";
			"name" = "PersonalGuitarCoach";
			"productName" = "PersonalGuitarCoach";
			"buildConfigurationList" = "06CB67C35A91E16DBD17B949";
			"buildPhases" = ("AFF87A50730392B6633ACECE", "7A4C2DC8FCA657188648E999", "F9187E824FE171A6F0EFAE28");
			"buildRules" = ();
			"dependencies" = ();
			"packageProductDependencies" = ("983B64092D5DB09323A7C4BB", "726953DEBBC538A2A2D25F8B", "C66525A928444A761FB47390", "25C5C1080B52FA2CDDBD130C");
			"productReference" = "681C948D238C526E9E3424E0";
			"productType" = "com.apple.product-type.application";
		};
		"4EA0BBFB4641B4E941FBF077" = {
			"isa" = "PBXNativeTarget";
			"name" = "PersonalGuitarCoachUITests";
			"productName" = "PersonalGuitarCoachUITests";
			"buildConfigurationList" = "F39F41D0F9A1459B523C2622";
			"buildPhases" = ("760DD443C1DF2461277A1FDF", "5571A8135AC78D6956901922", "6E9F5BADA175FDA0A5AC8038");
			"buildRules" = ();
			"dependencies" = ("8DA290C1E75835394B937A40");
			"productReference" = "93E46A602338E07A8524AEF6";
			"productType" = "com.apple.product-type.bundle.ui-testing";
		};
		"3B321D4C1A98E53F25157DEF" = {
			"isa" = "PBXGroup";
			"name" = "Sources";
			"sourceTree" = "<group>";
			"children" = ("195B145EBB6F0D5A78075DEC", "FEE846C5DD56559A03748D9F", "E77303F82C9A160465B22133", "A1CE14BCFA8AD1C43B301FB6", "E078120F2B7394D06932861D", "B73A0DB9D07D64DBA677C913", "A2D9FD887E6E2819B6304C3F", "69711866459EECC22FEEE6E3", "D2555DBEB5EEB86C62234D32", "A88BC1EAF29BB0C022C9F191", "742916170D488BFDDD41326B", "D4EAAA921EEB0F404F93E759", "8EEEFA1B66ABE65D53FA3300", "14C0F074DA644B0ED79D7F01", "6ABD7FE9A68559C0608BEC29", "896D5AFAC75112AA86B25FB6", "A829F6DDBA4AFC2ABC48DF38", "8948FEA6D9CDA78F40329818", "B136FB5866C31A6C9FDB6434", "BD6DA87CAAA65772E74D082C", "AC2E840A059C8A03D1A123C8", "EACAB02E3426E75F611DCDA9", "057A4919EEC9D692E16F6800", "07B429D132557F3C2AEA171F", "D3CD7EFF54452408B315C9B3", "F7AE6A7A3DBF140A41E9161B", "E250E07043113FAB44DB7036", "4347B86FBDCB777F671AEDB7", "41BC979DDF066DF4047A94FA");
		};
		"C5E55183ECB076EB335DF6EE" = {
			"isa" = "PBXGroup";
			"name" = "Resources";
			"sourceTree" = "<group>";
			"children" = ("114F4CA765DE9E10ADC330CB", "9CF268CF79415E1082DE0BBC", "9C22087BA7A30D6815C37301");
		};
		"B9E7F2871A3402983868AFC8" = {
			"isa" = "PBXGroup";
			"name" = "Products";
			"sourceTree" = "<group>";
			"children" = ("681C948D238C526E9E3424E0", "93E46A602338E07A8524AEF6");
		};
		"19F479106CE8C3BA8C106518" = {
			"isa" = "PBXGroup";
			"sourceTree" = "<group>";
			"children" = ("3B321D4C1A98E53F25157DEF", "C5E55183ECB076EB335DF6EE", "B9E7F2871A3402983868AFC8");
		};
		"244210E48437B6556980A702" = {
			"isa" = "PBXProject";
			"buildConfigurationList" = "76F8DEC3DFE0BDB465198890";
			"compatibilityVersion" = "Xcode 14.0";
			"developmentRegion" = "en";
			"knownRegions" = ("en", "uk", "Base");
			"mainGroup" = "19F479106CE8C3BA8C106518";
			"productRefGroup" = "B9E7F2871A3402983868AFC8";
			"projectDirPath" = "";
			"projectRoot" = "";
			"targets" = ("C1E9827DB735CA9BAA54A540", "4EA0BBFB4641B4E941FBF077");
			"packageReferences" = ("BC4A71180870F7945155FBB0");
			"attributes" = {
				"LastUpgradeCheck" = "1600";
				"BuildIndependentTargetsInParallel" = "YES";
				"TargetAttributes" = {
					"4EA0BBFB4641B4E941FBF077" = {
						"TestTargetID" = "C1E9827DB735CA9BAA54A540";
					};
				};
			};
		};
	};
	"rootObject" = "244210E48437B6556980A702";
}
